
Microsoft Visual Studio Solution File, Format Version 12.00
# Visual Studio 2015
Project("{FAE04EC0-301F-11D3-BF4B-00C04F79EFBC}") = "PregoBol.Plugins", "PregoBol.Plugins.csproj", "{ACC9F267-FD6C-2AF8-6EF5-0946EF5E80F4}"
EndProject
Project("{FAE04EC0-301F-11D3-BF4B-00C04F79EFBC}") = "PregoBol", "PregoBol.csproj", "{8030EEC8-2168-43AA-75B7-05E84CCFAC9A}"
EndProject
Global
	GlobalSection(SolutionConfigurationPlatforms) = preSolution
		Debug|Any CPU = Debug|Any CPU
		Release|Any CPU = Release|Any CPU
	EndGlobalSection
	GlobalSection(ProjectConfigurationPlatforms) = postSolution
		{ACC9F267-FD6C-2AF8-6EF5-0946EF5E80F4}.Debug|Any CPU.ActiveCfg = Debug|Any CPU
		{ACC9F267-FD6C-2AF8-6EF5-0946EF5E80F4}.Debug|Any CPU.Build.0 = Debug|Any CPU
		{ACC9F267-FD6C-2AF8-6EF5-0946EF5E80F4}.Release|Any CPU.ActiveCfg = Release|Any CPU
		{ACC9F267-FD6C-2AF8-6EF5-0946EF5E80F4}.Release|Any CPU.Build.0 = Release|Any CPU
		{8030EEC8-2168-43AA-75B7-05E84CCFAC9A}.Debug|Any CPU.ActiveCfg = Debug|Any CPU
		{8030EEC8-2168-43AA-75B7-05E84CCFAC9A}.Debug|Any CPU.Build.0 = Debug|Any CPU
		{8030EEC8-2168-43AA-75B7-05E84CCFAC9A}.Release|Any CPU.ActiveCfg = Release|Any CPU
		{8030EEC8-2168-43AA-75B7-05E84CCFAC9A}.Release|Any CPU.Build.0 = Release|Any CPU
	EndGlobalSection
	GlobalSection(SolutionProperties) = preSolution
		HideSolutionNode = FALSE
	EndGlobalSection
EndGlobal
